
Microsoft Visual Studio Solution File, Format Version 12.00
# Visual Studio Version 16
VisualStudioVersion = 16.0.33027.164
MinimumVisualStudioVersion = 10.0.40219.1
Project("{FAE04EC0-301F-11D3-BF4B-00C04F79EFBC}") = "infinite.week7.test", "infinite.week7.test\infinite.week7.test.csproj", "{D0510D31-DDFB-4F73-80E5-B71095FD087C}"
EndProject
Global
	GlobalSection(SolutionConfigurationPlatforms) = preSolution
		Debug|Any CPU = Debug|Any CPU
		Release|Any CPU = Release|Any CPU
	EndGlobalSection
	GlobalSection(ProjectConfigurationPlatforms) = postSolution
		{D0510D31-DDFB-4F73-80E5-B71095FD087C}.Debug|Any CPU.ActiveCfg = Debug|Any CPU
		{D0510D31-DDFB-4F73-80E5-B71095FD087C}.Debug|Any CPU.Build.0 = Debug|Any CPU
		{D0510D31-DDFB-4F73-80E5-B71095FD087C}.Release|Any CPU.ActiveCfg = Release|Any CPU
		{D0510D31-DDFB-4F73-80E5-B71095FD087C}.Release|Any CPU.Build.0 = Release|Any CPU
	EndGlobalSection
	GlobalSection(SolutionProperties) = preSolution
		HideSolutionNode = FALSE
	EndGlobalSection
	GlobalSection(ExtensibilityGlobals) = postSolution
		SolutionGuid = {E546E559-3ED6-48CA-BC0A-5E8DEADDA031}
	EndGlobalSection
EndGlobal
